
Microsoft Visual Studio Solution File, Format Version 12.00
# Visual Studio Version 17
VisualStudioVersion = 17.8.34511.84
MinimumVisualStudioVersion = 10.0.40219.1
Project("{9A19103F-16F7-4668-BE54-9A1E7A4F7556}") = "BusinessLogicLayer", "BusinessLayer\BusinessLogicLayer.csproj", "{777A0D4D-8A00-4C20-B66B-E8DF77CE297F}"
EndProject
Project("{9A19103F-16F7-4668-BE54-9A1E7A4F7556}") = "DataAccessLayer", "DataAccessLayer\DataAccessLayer.csproj", "{0FFE4B38-79C2-477F-A0BF-757280A4B908}"
EndProject
Project("{9A19103F-16F7-4668-BE54-9A1E7A4F7556}") = "DomainLayer", "DomainLayer\DomainLayer.csproj", "{9FD54192-FA73-4E2A-BE33-1DB97ACB9699}"
EndProject
Project("{FAE04EC0-301F-11D3-BF4B-00C04F79EFBC}") = "PresentationLayer", "PresentationLayer\PresentationLayer.csproj", "{7A1C8E14-CF2B-4C57-B3D0-B551076D26B1}"
EndProject
Global
	GlobalSection(SolutionConfigurationPlatforms) = preSolution
		Debug|Any CPU = Debug|Any CPU
		Release|Any CPU = Release|Any CPU
	EndGlobalSection
	GlobalSection(ProjectConfigurationPlatforms) = postSolution
		{777A0D4D-8A00-4C20-B66B-E8DF77CE297F}.Debug|Any CPU.ActiveCfg = Debug|Any CPU
		{777A0D4D-8A00-4C20-B66B-E8DF77CE297F}.Debug|Any CPU.Build.0 = Debug|Any CPU
		{777A0D4D-8A00-4C20-B66B-E8DF77CE297F}.Release|Any CPU.ActiveCfg = Release|Any CPU
		{777A0D4D-8A00-4C20-B66B-E8DF77CE297F}.Release|Any CPU.Build.0 = Release|Any CPU
		{0FFE4B38-79C2-477F-A0BF-757280A4B908}.Debug|Any CPU.ActiveCfg = Debug|Any CPU
		{0FFE4B38-79C2-477F-A0BF-757280A4B908}.Debug|Any CPU.Build.0 = Debug|Any CPU
		{0FFE4B38-79C2-477F-A0BF-757280A4B908}.Release|Any CPU.ActiveCfg = Release|Any CPU
		{0FFE4B38-79C2-477F-A0BF-757280A4B908}.Release|Any CPU.Build.0 = Release|Any CPU
		{9FD54192-FA73-4E2A-BE33-1DB97ACB9699}.Debug|Any CPU.ActiveCfg = Debug|Any CPU
		{9FD54192-FA73-4E2A-BE33-1DB97ACB9699}.Debug|Any CPU.Build.0 = Debug|Any CPU
		{9FD54192-FA73-4E2A-BE33-1DB97ACB9699}.Release|Any CPU.ActiveCfg = Release|Any CPU
		{9FD54192-FA73-4E2A-BE33-1DB97ACB9699}.Release|Any CPU.Build.0 = Release|Any CPU
		{7A1C8E14-CF2B-4C57-B3D0-B551076D26B1}.Debug|Any CPU.ActiveCfg = Debug|Any CPU
		{7A1C8E14-CF2B-4C57-B3D0-B551076D26B1}.Debug|Any CPU.Build.0 = Debug|Any CPU
		{7A1C8E14-CF2B-4C57-B3D0-B551076D26B1}.Release|Any CPU.ActiveCfg = Release|Any CPU
		{7A1C8E14-CF2B-4C57-B3D0-B551076D26B1}.Release|Any CPU.Build.0 = Release|Any CPU
	EndGlobalSection
	GlobalSection(SolutionProperties) = preSolution
		HideSolutionNode = FALSE
	EndGlobalSection
	GlobalSection(ExtensibilityGlobals) = postSolution
		SolutionGuid = {6B02508C-0691-4481-AFA1-4BD47F8DBF6E}
	EndGlobalSection
EndGlobal
